
Microsoft Visual Studio Solution File, Format Version 12.00
# Visual Studio Version 16
VisualStudioVersion = 16.0.29509.3
MinimumVisualStudioVersion = 10.0.40219.1
Project("{FAE04EC0-301F-11D3-BF4B-00C04F79EFBC}") = "OperatorCalculator", "OperatorCalculator\OperatorCalculator.csproj", "{021BAD6F-3CC9-4197-A608-731C4086AA4A}"
EndProject
Global
	GlobalSection(SolutionConfigurationPlatforms) = preSolution
		Debug|Any CPU = Debug|Any CPU
		Release|Any CPU = Release|Any CPU
	EndGlobalSection
	GlobalSection(ProjectConfigurationPlatforms) = postSolution
		{021BAD6F-3CC9-4197-A608-731C4086AA4A}.Debug|Any CPU.ActiveCfg = Debug|Any CPU
		{021BAD6F-3CC9-4197-A608-731C4086AA4A}.Debug|Any CPU.Build.0 = Debug|Any CPU
		{021BAD6F-3CC9-4197-A608-731C4086AA4A}.Release|Any CPU.ActiveCfg = Release|Any CPU
		{021BAD6F-3CC9-4197-A608-731C4086AA4A}.Release|Any CPU.Build.0 = Release|Any CPU
	EndGlobalSection
	GlobalSection(SolutionProperties) = preSolution
		HideSolutionNode = FALSE
	EndGlobalSection
	GlobalSection(ExtensibilityGlobals) = postSolution
		SolutionGuid = {E547A91C-67A8-4E6E-8C76-20AEA1BA2A6E}
	EndGlobalSection
EndGlobal
